PODS:
  - FMFramework (0.0.2)

DEPENDENCIES:
  - FMFramework (from `../../FMFramework`)

EXTERNAL SOURCES:
  FMFramework:
    :path: "../../FMFramework"

SPEC CHECKSUMS:
  FMFramework: f5f3d94ca7305dee81afb59574f2f2ad8fc74e4b

PODFILE CHECKSUM: 046e58eb76e1e25059e8bab864c4df7da316f496

COCOAPODS: 1.9.2
