PODS:
  - FMFramework (0.0.2)

DEPENDENCIES:
  - FMFramework (from `https://github.com/FMYang/FMFramework.git`, tag `0.0.2`)

EXTERNAL SOURCES:
  FMFramework:
    :git: https://github.com/FMYang/FMFramework.git
    :tag: 0.0.2

CHECKOUT OPTIONS:
  FMFramework:
    :git: https://github.com/FMYang/FMFramework.git
    :tag: 0.0.2

SPEC CHECKSUMS:
  FMFramework: df5daad00beae48e868823324c9ef49e243b3736

PODFILE CHECKSUM: 5daede040030e064d02fbb597f2ff20d7e9d1ebd

COCOAPODS: 1.8.4
